// !$*UTF8*$!
{
	archiveVersion = 1;
	classes = {
	};
	objectVersion = 56;
	objects = {

/* Begin PBXBuildFile section */
		B40C1A2D2B0F000100000001 /* WirecutterAppApp.swift in Sources */ = {isa = PBXBuildFile; fileRef = B40C1A2D2B0F000200000001 /* WirecutterAppApp.swift */; };
		B40C1A2D2B0F000100000002 /* CommerceListView.swift in Sources */ = {isa = PBXBuildFile; fileRef = B40C1A2D2B0F000200000002 /* CommerceListView.swift */; };
		B40C1A2D2B0F000100000003 /* CommerceModels.swift in Sources */ = {isa = PBXBuildFile; fileRef = B40C1A2D2B0F000200000003 /* CommerceModels.swift */; };
		B40C1A2D2B0F000100000004 /* APIClient.swift in Sources */ = {isa = PBXBuildFile; fileRef = B40C1A2D2B0F000200000004 /* APIClient.swift */; };
		B40C1A2D2B0F000100000005 /* SafariView.swift in Sources */ = {isa = PBXBuildFile; fileRef = B40C1A2D2B0F000200000005 /* SafariView.swift */; };
		B40C1A2D2B0F000100000006 /* ProductQuickView.swift in Sources */ = {isa = PBXBuildFile; fileRef = B40C1A2D2B0F000200000006 /* ProductQuickView.swift */; };
		B40C1A2D2B0F000100000007 /* ArticleWebView.swift in Sources */ = {isa = PBXBuildFile; fileRef = B40C1A2D2B0F000200000007 /* ArticleWebView.swift */; };
		B40C1A2D2B0F000100000008 /* GenaiSearchModels.swift in Sources */ = {isa = PBXBuildFile; fileRef = B40C1A2D2B0F000200000008 /* GenaiSearchModels.swift */; };
		B40C1A2D2B0F000100000009 /* GenaiSearchView.swift in Sources */ = {isa = PBXBuildFile; fileRef = B40C1A2D2B0F000200000009 /* GenaiSearchView.swift */; };
		B40C1A2D2B0F00010000000A /* SearchAPIClient.swift in Sources */ = {isa = PBXBuildFile; fileRef = B40C1A2D2B0F00020000000A /* SearchAPIClient.swift */; };
		B40C1A2D2B0F00010000000B /* ProductImageRanking.swift in Sources */ = {isa = PBXBuildFile; fileRef = B40C1A2D2B0F00020000000B /* ProductImageRanking.swift */; };
		B40C1A2D2B0F00010000000C /* ArticlePageFeedParser.swift in Sources */ = {isa = PBXBuildFile; fileRef = B40C1A2D2B0F00020000000C /* ArticlePageFeedParser.swift */; };
		B40C1A2D2B0F00010000000D /* GeminiClient.swift in Sources */ = {isa = PBXBuildFile; fileRef = B40C1A2D2B0F00020000000D /* GeminiClient.swift */; };
		B40C1A2D2B0F000100000030 /* ShopifyClient.swift in Sources */ = {isa = PBXBuildFile; fileRef = B40C1A2D2B0F000200000030 /* ShopifyClient.swift */; };
		B40C1A2D2B0F00010000000E /* Assets.xcassets in Resources */ = {isa = PBXBuildFile; fileRef = B40C1A2D2B0F00020000000E /* Assets.xcassets */; };
		B40C1A2D2B0F00010000000F /* GeminiConfig.plist in Resources */ = {isa = PBXBuildFile; fileRef = B40C1A2D2B0F00020000000F /* GeminiConfig.plist */; };
		B40C1A2D2B0F000100000010 /* products.json in Resources */ = {isa = PBXBuildFile; fileRef = B40C1A2D2B0F000200000010 /* products.json */; };
		B40C1A2D2B0F000100000020 /* NYTFranklinCWMedium.otf in Resources */ = {isa = PBXBuildFile; fileRef = B40C1A2D2B0F000200000020 /* NYTFranklinCWMedium.otf */; };
		B40C1A2D2B0F000100000021 /* NYTStockBold.otf in Resources */ = {isa = PBXBuildFile; fileRef = B40C1A2D2B0F000200000021 /* NYTStockBold.otf */; };
		B40C1A2D2B0F000100000022 /* NYTStockFractionBold.otf in Resources */ = {isa = PBXBuildFile; fileRef = B40C1A2D2B0F000200000022 /* NYTStockFractionBold.otf */; };
		B40C1A2D2B0F000100000023 /* NYTStockFractionRegular.otf in Resources */ = {isa = PBXBuildFile; fileRef = B40C1A2D2B0F000200000023 /* NYTStockFractionRegular.otf */; };
		B40C1A2D2B0F000100000024 /* NYTStockRegular.otf in Resources */ = {isa = PBXBuildFile; fileRef = B40C1A2D2B0F000200000024 /* NYTStockRegular.otf */; };
		B40C1A2D2B0F000100000025 /* NYTVFranklinBold.otf in Resources */ = {isa = PBXBuildFile; fileRef = B40C1A2D2B0F000200000025 /* NYTVFranklinBold.otf */; };
		B40C1A2D2B0F000100000026 /* NYTVFranklinLight.otf in Resources */ = {isa = PBXBuildFile; fileRef = B40C1A2D2B0F000200000026 /* NYTVFranklinLight.otf */; };
		B40C1A2D2B0F000100000027 /* NYTVFranklinMedium.otf in Resources */ = {isa = PBXBuildFile; fileRef = B40C1A2D2B0F000200000027 /* NYTVFranklinMedium.otf */; };
		E7A1B2C3D4E5F6A7B8C9D0E1 /* NYTKarnak-Medium.otf in Resources */ = {isa = PBXBuildFile; fileRef = E7A1B2C3D4E5F6A7B8C9D0E2 /* NYTKarnak-Medium.otf */; };
/* End PBXBuildFile section */

/* Begin PBXFileReference section */
		B40C1A2D2B0F000200000001 /* WirecutterAppApp.swift */ = {isa = PBXFileReference; lastKnownFileType = sourcecode.swift; path = WirecutterAppApp.swift; sourceTree = "<group>"; };
		B40C1A2D2B0F000200000002 /* CommerceListView.swift */ = {isa = PBXFileReference; lastKnownFileType = sourcecode.swift; path = CommerceListView.swift; sourceTree = "<group>"; };
		B40C1A2D2B0F000200000003 /* CommerceModels.swift */ = {isa = PBXFileReference; lastKnownFileType = sourcecode.swift; path = CommerceModels.swift; sourceTree = "<group>"; };
		B40C1A2D2B0F000200000004 /* APIClient.swift */ = {isa = PBXFileReference; lastKnownFileType = sourcecode.swift; path = APIClient.swift; sourceTree = "<group>"; };
		B40C1A2D2B0F000200000005 /* SafariView.swift */ = {isa = PBXFileReference; lastKnownFileType = sourcecode.swift; path = SafariView.swift; sourceTree = "<group>"; };
		B40C1A2D2B0F000200000006 /* ProductQuickView.swift */ = {isa = PBXFileReference; lastKnownFileType = sourcecode.swift; path = ProductQuickView.swift; sourceTree = "<group>"; };
		B40C1A2D2B0F000200000007 /* ArticleWebView.swift */ = {isa = PBXFileReference; lastKnownFileType = sourcecode.swift; path = ArticleWebView.swift; sourceTree = "<group>"; };
		B40C1A2D2B0F000200000008 /* GenaiSearchModels.swift */ = {isa = PBXFileReference; lastKnownFileType = sourcecode.swift; path = GenaiSearchModels.swift; sourceTree = "<group>"; };
		B40C1A2D2B0F000200000009 /* GenaiSearchView.swift */ = {isa = PBXFileReference; lastKnownFileType = sourcecode.swift; path = GenaiSearchView.swift; sourceTree = "<group>"; };
		B40C1A2D2B0F00020000000A /* SearchAPIClient.swift */ = {isa = PBXFileReference; lastKnownFileType = sourcecode.swift; path = SearchAPIClient.swift; sourceTree = "<group>"; };
		B40C1A2D2B0F00020000000B /* ProductImageRanking.swift */ = {isa = PBXFileReference; lastKnownFileType = sourcecode.swift; path = ProductImageRanking.swift; sourceTree = "<group>"; };
		B40C1A2D2B0F00020000000C /* ArticlePageFeedParser.swift */ = {isa = PBXFileReference; lastKnownFileType = sourcecode.swift; path = ArticlePageFeedParser.swift; sourceTree = "<group>"; };
		B40C1A2D2B0F00020000000D /* GeminiClient.swift */ = {isa = PBXFileReference; lastKnownFileType = sourcecode.swift; path = GeminiClient.swift; sourceTree = "<group>"; };
		B40C1A2D2B0F000200000030 /* ShopifyClient.swift */ = {isa = PBXFileReference; lastKnownFileType = sourcecode.swift; path = ShopifyClient.swift; sourceTree = "<group>"; };
		B40C1A2D2B0F00020000000E /* Assets.xcassets */ = {isa = PBXFileReference; lastKnownFileType = folder.assetcatalog; path = Assets.xcassets; sourceTree = "<group>"; };
		B40C1A2D2B0F00020000000F /* GeminiConfig.plist */ = {isa = PBXFileReference; lastKnownFileType = text.plist.xml; path = GeminiConfig.plist; sourceTree = "<group>"; };
		B40C1A2D2B0F000200000010 /* products.json */ = {isa = PBXFileReference; lastKnownFileType = text.json; path = products.json; sourceTree = "<group>"; };
		B40C1A2D2B0F000200000018 /* Info.plist */ = {isa = PBXFileReference; lastKnownFileType = text.plist.xml; path = Info.plist; sourceTree = "<group>"; };
		B40C1A2D2B0F000200000019 /* Fonts */ = {isa = PBXFileReference; lastKnownFileType = folder; path = Fonts; sourceTree = "<group>"; };
		B40C1A2D2B0F000200000020 /* NYTFranklinCWMedium.otf */ = {isa = PBXFileReference; lastKnownFileType = file; name = NYTFranklinCWMedium.otf; path = Fonts/NYTFranklinCWMedium.otf; sourceTree = "<group>"; };
		B40C1A2D2B0F000200000021 /* NYTStockBold.otf */ = {isa = PBXFileReference; lastKnownFileType = file; name = NYTStockBold.otf; path = Fonts/NYTStockBold.otf; sourceTree = "<group>"; };
		B40C1A2D2B0F000200000022 /* NYTStockFractionBold.otf */ = {isa = PBXFileReference; lastKnownFileType = file; name = NYTStockFractionBold.otf; path = Fonts/NYTStockFractionBold.otf; sourceTree = "<group>"; };
		B40C1A2D2B0F000200000023 /* NYTStockFractionRegular.otf */ = {isa = PBXFileReference; lastKnownFileType = file; name = NYTStockFractionRegular.otf; path = Fonts/NYTStockFractionRegular.otf; sourceTree = "<group>"; };
		B40C1A2D2B0F000200000024 /* NYTStockRegular.otf */ = {isa = PBXFileReference; lastKnownFileType = file; name = NYTStockRegular.otf; path = Fonts/NYTStockRegular.otf; sourceTree = "<group>"; };
		B40C1A2D2B0F000200000025 /* NYTVFranklinBold.otf */ = {isa = PBXFileReference; lastKnownFileType = file; name = NYTVFranklinBold.otf; path = Fonts/NYTVFranklinBold.otf; sourceTree = "<group>"; };
		B40C1A2D2B0F000200000026 /* NYTVFranklinLight.otf */ = {isa = PBXFileReference; lastKnownFileType = file; name = NYTVFranklinLight.otf; path = Fonts/NYTVFranklinLight.otf; sourceTree = "<group>"; };
		B40C1A2D2B0F000200000027 /* NYTVFranklinMedium.otf */ = {isa = PBXFileReference; lastKnownFileType = file; name = NYTVFranklinMedium.otf; path = Fonts/NYTVFranklinMedium.otf; sourceTree = "<group>"; };
		E7A1B2C3D4E5F6A7B8C9D0E2 /* NYTKarnak-Medium.otf */ = {isa = PBXFileReference; lastKnownFileType = file; name = NYTKarnak-Medium.otf; path = Fonts/NYTKarnak-Medium.otf; sourceTree = "<group>"; };
		B40C1A2D2B0F000300000001 /* WirecutterApp.app */ = {isa = PBXFileReference; explicitFileType = wrapper.application; includeInIndex = 0; path = WirecutterApp.app; sourceTree = BUILT_PRODUCTS_DIR; };
/* End PBXFileReference section */

/* Begin PBXFrameworksBuildPhase section */
		B40C1A2D2B0F000400000001 /* Frameworks */ = {
			isa = PBXFrameworksBuildPhase;
			buildActionMask = 2147483647;
			files = (
			);
			runOnlyForDeploymentPostprocessing = 0;
		};
/* End PBXFrameworksBuildPhase section */

/* Begin PBXResourcesBuildPhase section */
		B40C1A2D2B0F000400000002 /* Resources */ = {
			isa = PBXResourcesBuildPhase;
			buildActionMask = 2147483647;
			files = (
				B40C1A2D2B0F00010000000E /* Assets.xcassets in Resources */,
				B40C1A2D2B0F00010000000F /* GeminiConfig.plist in Resources */,
				B40C1A2D2B0F000100000010 /* products.json in Resources */,
				B40C1A2D2B0F000100000020 /* NYTFranklinCWMedium.otf in Resources */,
				B40C1A2D2B0F000100000021 /* NYTStockBold.otf in Resources */,
				B40C1A2D2B0F000100000022 /* NYTStockFractionBold.otf in Resources */,
				B40C1A2D2B0F000100000023 /* NYTStockFractionRegular.otf in Resources */,
				B40C1A2D2B0F000100000024 /* NYTStockRegular.otf in Resources */,
				B40C1A2D2B0F000100000025 /* NYTVFranklinBold.otf in Resources */,
				B40C1A2D2B0F000100000026 /* NYTVFranklinLight.otf in Resources */,
				B40C1A2D2B0F000100000027 /* NYTVFranklinMedium.otf in Resources */,
				E7A1B2C3D4E5F6A7B8C9D0E1 /* NYTKarnak-Medium.otf in Resources */,
			);
			runOnlyForDeploymentPostprocessing = 0;
		};
/* End PBXResourcesBuildPhase section */

/* Begin PBXGroup section */
		B40C1A2D2B0F000500000001 = {
			isa = PBXGroup;
			children = (
				B40C1A2D2B0F000500000002 /* WirecutterApp */,
				B40C1A2D2B0F000500000003 /* Products */,
			);
			sourceTree = "<group>";
		};
		B40C1A2D2B0F000500000002 /* WirecutterApp */ = {
			isa = PBXGroup;
			children = (
				B40C1A2D2B0F000200000001 /* WirecutterAppApp.swift */,
				B40C1A2D2B0F000200000002 /* CommerceListView.swift */,
				B40C1A2D2B0F000200000003 /* CommerceModels.swift */,
				B40C1A2D2B0F000200000004 /* APIClient.swift */,
				B40C1A2D2B0F000200000005 /* SafariView.swift */,
				B40C1A2D2B0F000200000006 /* ProductQuickView.swift */,
				B40C1A2D2B0F000200000007 /* ArticleWebView.swift */,
				B40C1A2D2B0F000200000008 /* GenaiSearchModels.swift */,
				B40C1A2D2B0F000200000009 /* GenaiSearchView.swift */,
				B40C1A2D2B0F00020000000A /* SearchAPIClient.swift */,
				B40C1A2D2B0F00020000000B /* ProductImageRanking.swift */,
				B40C1A2D2B0F00020000000C /* ArticlePageFeedParser.swift */,
				B40C1A2D2B0F00020000000D /* GeminiClient.swift */,
				B40C1A2D2B0F000200000030 /* ShopifyClient.swift */,
				B40C1A2D2B0F00020000000F /* GeminiConfig.plist */,
				B40C1A2D2B0F000200000010 /* products.json */,
				B40C1A2D2B0F000200000018 /* Info.plist */,
				B40C1A2D2B0F000200000020 /* NYTFranklinCWMedium.otf */,
				B40C1A2D2B0F000200000021 /* NYTStockBold.otf */,
				B40C1A2D2B0F000200000022 /* NYTStockFractionBold.otf */,
				B40C1A2D2B0F000200000023 /* NYTStockFractionRegular.otf */,
				B40C1A2D2B0F000200000024 /* NYTStockRegular.otf */,
				B40C1A2D2B0F000200000025 /* NYTVFranklinBold.otf */,
				B40C1A2D2B0F000200000026 /* NYTVFranklinLight.otf */,
				B40C1A2D2B0F000200000027 /* NYTVFranklinMedium.otf */,
				E7A1B2C3D4E5F6A7B8C9D0E2 /* NYTKarnak-Medium.otf */,
				B40C1A2D2B0F00020000000E /* Assets.xcassets */,
			);
			path = WirecutterApp;
			sourceTree = "<group>";
		};
		B40C1A2D2B0F000500000003 /* Products */ = {
			isa = PBXGroup;
			children = (
				B40C1A2D2B0F000300000001 /* WirecutterApp.app */,
			);
			name = Products;
			sourceTree = "<group>";
		};
/* End PBXGroup section */

/* Begin PBXNativeTarget section */
		B40C1A2D2B0F000600000001 /* WirecutterApp */ = {
			isa = PBXNativeTarget;
			buildConfigurationList = B40C1A2D2B0F000800000003 /* Build configuration list for PBXNativeTarget "WirecutterApp" */;
			buildPhases = (
				B40C1A2D2B0F000700000001 /* Sources */,
				B40C1A2D2B0F000400000001 /* Frameworks */,
				B40C1A2D2B0F000400000002 /* Resources */,
			);
			buildRules = (
			);
			dependencies = (
			);
			name = WirecutterApp;
			productName = WirecutterApp;
			productReference = B40C1A2D2B0F000300000001 /* WirecutterApp.app */;
			productType = "com.apple.product-type.application";
		};
/* End PBXNativeTarget section */

/* Begin PBXProject section */
		B40C1A2D2B0F000900000001 /* Project object */ = {
			isa = PBXProject;
			attributes = {
				BuildIndependentTargetsInParallel = 1;
				LastSwiftUpdateCheck = 1600;
				LastUpgradeCheck = 1600;
			};
			buildConfigurationList = B40C1A2D2B0F000800000001 /* Build configuration list for PBXProject "WirecutterApp" */;
			compatibilityVersion = "Xcode 14.0";
			developmentRegion = en;
			hasScannedForEncodings = 0;
			knownRegions = (
				en,
				Base,
			);
			mainGroup = B40C1A2D2B0F000500000001;
			productRefGroup = B40C1A2D2B0F000500000003 /* Products */;
			projectDirPath = "";
			projectRoot = "";
			targets = (
				B40C1A2D2B0F000600000001 /* WirecutterApp */,
			);
		};
/* End PBXProject section */

/* Begin PBXSourcesBuildPhase section */
		B40C1A2D2B0F000700000001 /* Sources */ = {
			isa = PBXSourcesBuildPhase;
			buildActionMask = 2147483647;
			files = (
				B40C1A2D2B0F000100000001 /* WirecutterAppApp.swift in Sources */,
				B40C1A2D2B0F000100000002 /* CommerceListView.swift in Sources */,
				B40C1A2D2B0F000100000003 /* CommerceModels.swift in Sources */,
				B40C1A2D2B0F000100000004 /* APIClient.swift in Sources */,
				B40C1A2D2B0F000100000005 /* SafariView.swift in Sources */,
				B40C1A2D2B0F000100000006 /* ProductQuickView.swift in Sources */,
				B40C1A2D2B0F000100000007 /* ArticleWebView.swift in Sources */,
				B40C1A2D2B0F000100000008 /* GenaiSearchModels.swift in Sources */,
				B40C1A2D2B0F000100000009 /* GenaiSearchView.swift in Sources */,
				B40C1A2D2B0F00010000000A /* SearchAPIClient.swift in Sources */,
				B40C1A2D2B0F00010000000B /* ProductImageRanking.swift in Sources */,
				B40C1A2D2B0F00010000000C /* ArticlePageFeedParser.swift in Sources */,
				B40C1A2D2B0F00010000000D /* GeminiClient.swift in Sources */,
				B40C1A2D2B0F000100000030 /* ShopifyClient.swift in Sources */,
			);
			runOnlyForDeploymentPostprocessing = 0;
		};
/* End PBXSourcesBuildPhase section */

/* Begin XCBuildConfiguration section */
		B40C1A2D2B0F000800000002 /* Debug */ = {
			isa = XCBuildConfiguration;
			buildSettings = {
				ALWAYS_SEARCH_USER_PATHS = NO;
				ASSETCATALOG_COMPILER_GENERATE_SWIFT_ASSET_SYMBOL_EXTENSIONS = YES;
				CLANG_ANALYZER_NONNULL = YES;
				CLANG_CXX_LANGUAGE_STANDARD = "gnu++20";
				CLANG_ENABLE_MODULES = YES;
				CLANG_ENABLE_OBJC_ARC = YES;
				COPY_PHASE_STRIP = NO;
				DEBUG_INFORMATION_FORMAT = dwarf;
				ENABLE_STRICT_OBJC_MSGSEND = YES;
				ENABLE_TESTABILITY = YES;
				GCC_DYNAMIC_NO_PIC = NO;
				GCC_OPTIMIZATION_LEVEL = 0;
				GCC_PREPROCESSOR_DEFINITIONS = (
					"DEBUG=1",
					"$(inherited)",
				);
				IPHONEOS_DEPLOYMENT_TARGET = 17.0;
				MTL_ENABLE_DEBUG_INFO = INCLUDE_SOURCE;
				ONLY_ACTIVE_ARCH = YES;
				SDKROOT = iphoneos;
				SWIFT_ACTIVE_COMPILATION_CONDITIONS = "$(inherited) DEBUG";
				SWIFT_OPTIMIZATION_LEVEL = "-Onone";
			};
			name = Debug;
		};
		B40C1A2D2B0F000800000004 /* Release */ = {
			isa = XCBuildConfiguration;
			buildSettings = {
				ALWAYS_SEARCH_USER_PATHS = NO;
				ASSETCATALOG_COMPILER_GENERATE_SWIFT_ASSET_SYMBOL_EXTENSIONS = YES;
				CLANG_ANALYZER_NONNULL = YES;
				CLANG_CXX_LANGUAGE_STANDARD = "gnu++20";
				CLANG_ENABLE_MODULES = YES;
				CLANG_ENABLE_OBJC_ARC = YES;
				COPY_PHASE_STRIP = NO;
				DEBUG_INFORMATION_FORMAT = "dwarf-with-dsym";
				ENABLE_NS_ASSERTIONS = NO;
				ENABLE_STRICT_OBJC_MSGSEND = YES;
				GCC_OPTIMIZATION_LEVEL = s;
				IPHONEOS_DEPLOYMENT_TARGET = 17.0;
				MTL_ENABLE_DEBUG_INFO = NO;
				SDKROOT = iphoneos;
				SWIFT_COMPILATION_MODE = wholemodule;
				VALIDATE_PRODUCT = YES;
			};
			name = Release;
		};
		B40C1A2D2B0F000800000005 /* Debug */ = {
			isa = XCBuildConfiguration;
			buildSettings = {
				ASSETCATALOG_COMPILER_APPICON_NAME = AppIcon;
				CODE_SIGN_STYLE = Automatic;
				CURRENT_PROJECT_VERSION = 1;
				DEVELOPMENT_TEAM = "";
				GENERATE_INFOPLIST_FILE = YES;
				INFOPLIST_FILE = WirecutterApp/Info.plist;
				INFOPLIST_KEY_CFBundleDisplayName = "NYT Wirecutter";
				INFOPLIST_KEY_UIApplicationSceneManifest_Generation = YES;
				INFOPLIST_KEY_UIApplicationSupportsIndirectInputEvents = YES;
				INFOPLIST_KEY_UILaunchScreen_Generation = YES;
				INFOPLIST_KEY_UISupportedInterfaceOrientations_iPad = "UIInterfaceOrientationPortrait UIInterfaceOrientationPortraitUpsideDown UIInterfaceOrientationLandscapeLeft UIInterfaceOrientationLandscapeRight";
				INFOPLIST_KEY_UISupportedInterfaceOrientations_iPhone = "UIInterfaceOrientationPortrait UIInterfaceOrientationLandscapeLeft UIInterfaceOrientationLandscapeRight";
				LD_RUNPATH_SEARCH_PATHS = (
					"$(inherited)",
					"@executable_path/Frameworks",
				);
				MARKETING_VERSION = 1.0;
				PRODUCT_BUNDLE_IDENTIFIER = com.wirecutter.app;
				PRODUCT_NAME = "$(TARGET_NAME)";
				SWIFT_EMIT_LOC_STRINGS = YES;
				SWIFT_VERSION = 5.0;
				TARGETED_DEVICE_FAMILY = "1,2";
			};
			name = Debug;
		};
		B40C1A2D2B0F000800000006 /* Release */ = {
			isa = XCBuildConfiguration;
			buildSettings = {
				ASSETCATALOG_COMPILER_APPICON_NAME = AppIcon;
				CODE_SIGN_STYLE = Automatic;
				CURRENT_PROJECT_VERSION = 1;
				DEVELOPMENT_TEAM = "";
				GENERATE_INFOPLIST_FILE = YES;
				INFOPLIST_FILE = WirecutterApp/Info.plist;
				INFOPLIST_KEY_CFBundleDisplayName = "NYT Wirecutter";
				INFOPLIST_KEY_UIApplicationSceneManifest_Generation = YES;
				INFOPLIST_KEY_UIApplicationSupportsIndirectInputEvents = YES;
				INFOPLIST_KEY_UILaunchScreen_Generation = YES;
				INFOPLIST_KEY_UISupportedInterfaceOrientations_iPad = "UIInterfaceOrientationPortrait UIInterfaceOrientationPortraitUpsideDown UIInterfaceOrientationLandscapeLeft UIInterfaceOrientationLandscapeRight";
				INFOPLIST_KEY_UISupportedInterfaceOrientations_iPhone = "UIInterfaceOrientationPortrait UIInterfaceOrientationLandscapeLeft UIInterfaceOrientationLandscapeRight";
				LD_RUNPATH_SEARCH_PATHS = (
					"$(inherited)",
					"@executable_path/Frameworks",
				);
				MARKETING_VERSION = 1.0;
				PRODUCT_BUNDLE_IDENTIFIER = com.wirecutter.app;
				PRODUCT_NAME = "$(TARGET_NAME)";
				SWIFT_EMIT_LOC_STRINGS = YES;
				SWIFT_VERSION = 5.0;
				TARGETED_DEVICE_FAMILY = "1,2";
			};
			name = Release;
		};
/* End XCBuildConfiguration section */

/* Begin XCConfigurationList section */
		B40C1A2D2B0F000800000001 /* Build configuration list for PBXProject "WirecutterApp" */ = {
			isa = XCConfigurationList;
			buildConfigurations = (
				B40C1A2D2B0F000800000002 /* Debug */,
				B40C1A2D2B0F000800000004 /* Release */,
			);
			defaultConfigurationIsVisible = 0;
			defaultConfigurationName = Release;
		};
		B40C1A2D2B0F000800000003 /* Build configuration list for PBXNativeTarget "WirecutterApp" */ = {
			isa = XCConfigurationList;
			buildConfigurations = (
				B40C1A2D2B0F000800000005 /* Debug */,
				B40C1A2D2B0F000800000006 /* Release */,
			);
			defaultConfigurationIsVisible = 0;
			defaultConfigurationName = Release;
		};
/* End XCConfigurationList section */

	};
	rootObject = B40C1A2D2B0F000900000001 /* Project object */;
}
