// !$*UTF8*$!
{
	archiveVersion = 1;
	classes = {
	};
	objectVersion = 56;
	objects = {

/* Begin PBXBuildFile section */
		A1000001 /* WirecutterAppApp.swift in Sources */ = {isa = PBXBuildFile; fileRef = A2000001 /* WirecutterAppApp.swift */; };
		A1000002 /* CommerceListView.swift in Sources */ = {isa = PBXBuildFile; fileRef = A2000002 /* CommerceListView.swift */; };
		A1000003 /* CommerceModels.swift in Sources */ = {isa = PBXBuildFile; fileRef = A2000003 /* CommerceModels.swift */; };
		A1000004 /* APIClient.swift in Sources */ = {isa = PBXBuildFile; fileRef = A2000004 /* APIClient.swift */; };
		A1000005 /* SafariView.swift in Sources */ = {isa = PBXBuildFile; fileRef = A2000005 /* SafariView.swift */; };
		A1000006 /* ProductQuickView.swift in Sources */ = {isa = PBXBuildFile; fileRef = A2000006 /* ProductQuickView.swift */; };
		A1000007 /* ArticleWebView.swift in Sources */ = {isa = PBXBuildFile; fileRef = A2000007 /* ArticleWebView.swift */; };
		A1000008 /* GenaiSearchModels.swift in Sources */ = {isa = PBXBuildFile; fileRef = A2000008 /* GenaiSearchModels.swift */; };
		A1000009 /* GenaiSearchView.swift in Sources */ = {isa = PBXBuildFile; fileRef = A2000009 /* GenaiSearchView.swift */; };
		A1000010 /* SearchAPIClient.swift in Sources */ = {isa = PBXBuildFile; fileRef = A2000010 /* SearchAPIClient.swift */; };
		A1000011 /* Assets.xcassets in Resources */ = {isa = PBXBuildFile; fileRef = A2000011 /* Assets.xcassets */; };
		A1000012 /* ProductImageRanking.swift in Sources */ = {isa = PBXBuildFile; fileRef = A2000012 /* ProductImageRanking.swift */; };
		A1000013 /* ArticlePageFeedParser.swift in Sources */ = {isa = PBXBuildFile; fileRef = A2000013 /* ArticlePageFeedParser.swift */; };
		A1000014 /* GeminiClient.swift in Sources */ = {isa = PBXBuildFile; fileRef = A2000014 /* GeminiClient.swift */; };
		A1000015 /* GeminiConfig.plist in Resources */ = {isa = PBXBuildFile; fileRef = A2000015 /* GeminiConfig.plist */; };
/* End PBXBuildFile section */

/* Begin PBXFileReference section */
		A2000001 /* WirecutterAppApp.swift */ = {isa = PBXFileReference; lastKnownFileType = sourcecode.swift; path = WirecutterAppApp.swift; sourceTree = "<group>"; };
		A2000002 /* CommerceListView.swift */ = {isa = PBXFileReference; lastKnownFileType = sourcecode.swift; path = CommerceListView.swift; sourceTree = "<group>"; };
		A2000003 /* CommerceModels.swift */ = {isa = PBXFileReference; lastKnownFileType = sourcecode.swift; path = CommerceModels.swift; sourceTree = "<group>"; };
		A2000004 /* APIClient.swift */ = {isa = PBXFileReference; lastKnownFileType = sourcecode.swift; path = APIClient.swift; sourceTree = "<group>"; };
		A2000005 /* SafariView.swift */ = {isa = PBXFileReference; lastKnownFileType = sourcecode.swift; path = SafariView.swift; sourceTree = "<group>"; };
		A2000006 /* ProductQuickView.swift */ = {isa = PBXFileReference; lastKnownFileType = sourcecode.swift; path = ProductQuickView.swift; sourceTree = "<group>"; };
		A2000007 /* ArticleWebView.swift */ = {isa = PBXFileReference; lastKnownFileType = sourcecode.swift; path = ArticleWebView.swift; sourceTree = "<group>"; };
		A2000008 /* GenaiSearchModels.swift */ = {isa = PBXFileReference; lastKnownFileType = sourcecode.swift; path = GenaiSearchModels.swift; sourceTree = "<group>"; };
		A2000009 /* GenaiSearchView.swift */ = {isa = PBXFileReference; lastKnownFileType = sourcecode.swift; path = GenaiSearchView.swift; sourceTree = "<group>"; };
		A2000010 /* SearchAPIClient.swift */ = {isa = PBXFileReference; lastKnownFileType = sourcecode.swift; path = SearchAPIClient.swift; sourceTree = "<group>"; };
		A2000011 /* Assets.xcassets */ = {isa = PBXFileReference; lastKnownFileType = folder.assetcatalog; path = Assets.xcassets; sourceTree = "<group>"; };
		A2000012 /* ProductImageRanking.swift */ = {isa = PBXFileReference; lastKnownFileType = sourcecode.swift; path = ProductImageRanking.swift; sourceTree = "<group>"; };
		A2000013 /* ArticlePageFeedParser.swift */ = {isa = PBXFileReference; lastKnownFileType = sourcecode.swift; path = ArticlePageFeedParser.swift; sourceTree = "<group>"; };
		A2000014 /* GeminiClient.swift */ = {isa = PBXFileReference; lastKnownFileType = sourcecode.swift; path = GeminiClient.swift; sourceTree = "<group>"; };
		A2000015 /* GeminiConfig.plist */ = {isa = PBXFileReference; lastKnownFileType = text.plist.xml; path = GeminiConfig.plist; sourceTree = "<group>"; };
		A3000001 /* WirecutterApp.app */ = {isa = PBXFileReference; explicitFileType = wrapper.application; includeInIndex = 0; path = WirecutterApp.app; sourceTree = BUILT_PRODUCTS_DIR; };
/* End PBXFileReference section */

/* Begin PBXFrameworksBuildPhase section */
		A4000001 /* Frameworks */ = {
			isa = PBXFrameworksBuildPhase;
			buildActionMask = 2147483647;
			files = (
			);
			runOnlyForDeploymentPostprocessing = 0;
		};
/* End PBXFrameworksBuildPhase section */

/* Begin PBXResourcesBuildPhase section */
		A4000002 /* Resources */ = {
			isa = PBXResourcesBuildPhase;
			buildActionMask = 2147483647;
			files = (
				A1000011 /* Assets.xcassets in Resources */,
				A1000015 /* GeminiConfig.plist in Resources */,
			);
			runOnlyForDeploymentPostprocessing = 0;
		};
/* End PBXResourcesBuildPhase section */

/* Begin PBXGroup section */
		A5000001 = {
			isa = PBXGroup;
			children = (
				A5000002 /* WirecutterApp */,
				A5000003 /* Products */,
			);
			sourceTree = "<group>";
		};
		A5000002 /* WirecutterApp */ = {
			isa = PBXGroup;
			children = (
				A2000001 /* WirecutterAppApp.swift */,
				A2000002 /* CommerceListView.swift */,
				A2000003 /* CommerceModels.swift */,
				A2000004 /* APIClient.swift */,
				A2000005 /* SafariView.swift */,
				A2000006 /* ProductQuickView.swift */,
				A2000007 /* ArticleWebView.swift */,
				A2000008 /* GenaiSearchModels.swift */,
				A2000009 /* GenaiSearchView.swift */,
				A2000010 /* SearchAPIClient.swift */,
				A2000012 /* ProductImageRanking.swift */,
				A2000013 /* ArticlePageFeedParser.swift */,
				A2000014 /* GeminiClient.swift */,
				A2000015 /* GeminiConfig.plist */,
				A2000011 /* Assets.xcassets */,
			);
			path = WirecutterApp;
			sourceTree = "<group>";
		};
		A5000003 /* Products */ = {
			isa = PBXGroup;
			children = (
				A3000001 /* WirecutterApp.app */,
			);
			name = Products;
			sourceTree = "<group>";
		};
/* End PBXGroup section */

/* Begin PBXNativeTarget section */
		A6000001 /* WirecutterApp */ = {
			isa = PBXNativeTarget;
			buildConfigurationList = A8000003 /* Build configuration list for PBXNativeTarget "WirecutterApp" */;
			buildPhases = (
				A7000001 /* Sources */,
				A4000001 /* Frameworks */,
				A4000002 /* Resources */,
			);
			buildRules = (
			);
			dependencies = (
			);
			name = WirecutterApp;
			productName = WirecutterApp;
			productReference = A3000001 /* WirecutterApp.app */;
			productType = "com.apple.product-type.application";
		};
/* End PBXNativeTarget section */

/* Begin PBXProject section */
		A9000001 /* Project object */ = {
			isa = PBXProject;
			attributes = {
				BuildIndependentTargetsInParallel = 1;
				LastSwiftUpdateCheck = 1540;
				LastUpgradeCheck = 1540;
			};
			buildConfigurationList = A8000001 /* Build configuration list for PBXProject "WirecutterApp" */;
			compatibilityVersion = "Xcode 14.0";
			developmentRegion = en;
			hasScannedForEncodings = 0;
			knownRegions = (
				en,
				Base,
			);
			mainGroup = A5000001;
			productRefGroup = A5000003 /* Products */;
			projectDirPath = "";
			projectRoot = "";
			targets = (
				A6000001 /* WirecutterApp */,
			);
		};
/* End PBXProject section */

/* Begin PBXSourcesBuildPhase section */
		A7000001 /* Sources */ = {
			isa = PBXSourcesBuildPhase;
			buildActionMask = 2147483647;
			files = (
				A1000001 /* WirecutterAppApp.swift in Sources */,
				A1000002 /* CommerceListView.swift in Sources */,
				A1000003 /* CommerceModels.swift in Sources */,
				A1000004 /* APIClient.swift in Sources */,
				A1000005 /* SafariView.swift in Sources */,
				A1000006 /* ProductQuickView.swift in Sources */,
				A1000007 /* ArticleWebView.swift in Sources */,
				A1000008 /* GenaiSearchModels.swift in Sources */,
				A1000009 /* GenaiSearchView.swift in Sources */,
				A1000010 /* SearchAPIClient.swift in Sources */,
				A1000012 /* ProductImageRanking.swift in Sources */,
				A1000013 /* ArticlePageFeedParser.swift in Sources */,
				A1000014 /* GeminiClient.swift in Sources */,
			);
			runOnlyForDeploymentPostprocessing = 0;
		};
/* End PBXSourcesBuildPhase section */

/* Begin XCBuildConfiguration section */
		A8000002 /* Debug */ = {
			isa = XCBuildConfiguration;
			buildSettings = {
				ALWAYS_SEARCH_USER_PATHS = NO;
				ASSETCATALOG_COMPILER_GENERATE_SWIFT_ASSET_SYMBOL_EXTENSIONS = YES;
				CLANG_ANALYZER_NONNULL = YES;
				CLANG_CXX_LANGUAGE_STANDARD = "gnu++20";
				CLANG_ENABLE_MODULES = YES;
				CLANG_ENABLE_OBJC_ARC = YES;
				COPY_PHASE_STRIP = NO;
				DEBUG_INFORMATION_FORMAT = dwarf;
				ENABLE_STRICT_OBJC_MSGSEND = YES;
				ENABLE_TESTABILITY = YES;
				GCC_DYNAMIC_NO_PIC = NO;
				GCC_OPTIMIZATION_LEVEL = 0;
				GCC_PREPROCESSOR_DEFINITIONS = (
					"DEBUG=1",
					"$(inherited)",
				);
				IPHONEOS_DEPLOYMENT_TARGET = 17.0;
				MTL_ENABLE_DEBUG_INFO = INCLUDE_SOURCE;
				ONLY_ACTIVE_ARCH = YES;
				SDKROOT = iphoneos;
				SWIFT_ACTIVE_COMPILATION_CONDITIONS = "$(inherited) DEBUG";
				SWIFT_OPTIMIZATION_LEVEL = "-Onone";
			};
			name = Debug;
		};
		A8000004 /* Release */ = {
			isa = XCBuildConfiguration;
			buildSettings = {
				ALWAYS_SEARCH_USER_PATHS = NO;
				ASSETCATALOG_COMPILER_GENERATE_SWIFT_ASSET_SYMBOL_EXTENSIONS = YES;
				CLANG_ANALYZER_NONNULL = YES;
				CLANG_CXX_LANGUAGE_STANDARD = "gnu++20";
				CLANG_ENABLE_MODULES = YES;
				CLANG_ENABLE_OBJC_ARC = YES;
				COPY_PHASE_STRIP = NO;
				DEBUG_INFORMATION_FORMAT = "dwarf-with-dsym";
				ENABLE_NS_ASSERTIONS = NO;
				ENABLE_STRICT_OBJC_MSGSEND = YES;
				GCC_OPTIMIZATION_LEVEL = s;
				IPHONEOS_DEPLOYMENT_TARGET = 17.0;
				MTL_ENABLE_DEBUG_INFO = NO;
				SDKROOT = iphoneos;
				SWIFT_COMPILATION_MODE = wholemodule;
				VALIDATE_PRODUCT = YES;
			};
			name = Release;
		};
		A8000005 /* Debug */ = {
			isa = XCBuildConfiguration;
			buildSettings = {
				ASSETCATALOG_COMPILER_APPICON_NAME = AppIcon;
				CODE_SIGN_STYLE = Automatic;
				CURRENT_PROJECT_VERSION = 1;
				DEVELOPMENT_TEAM = "";
				GENERATE_INFOPLIST_FILE = YES;
				INFOPLIST_KEY_CFBundleDisplayName = "NYT Wirecutter";
				INFOPLIST_KEY_UIApplicationSceneManifest_Generation = YES;
				INFOPLIST_KEY_UIApplicationSupportsIndirectInputEvents = YES;
				INFOPLIST_KEY_UILaunchScreen_Generation = YES;
				INFOPLIST_KEY_UISupportedInterfaceOrientations_iPad = "UIInterfaceOrientationPortrait UIInterfaceOrientationPortraitUpsideDown UIInterfaceOrientationLandscapeLeft UIInterfaceOrientationLandscapeRight";
				INFOPLIST_KEY_UISupportedInterfaceOrientations_iPhone = "UIInterfaceOrientationPortrait UIInterfaceOrientationLandscapeLeft UIInterfaceOrientationLandscapeRight";
				LD_RUNPATH_SEARCH_PATHS = (
					"$(inherited)",
					"@executable_path/Frameworks",
				);
				MARKETING_VERSION = 1.0;
				PRODUCT_BUNDLE_IDENTIFIER = com.wirecutter.app;
				PRODUCT_NAME = "$(TARGET_NAME)";
				SWIFT_EMIT_LOC_STRINGS = YES;
				SWIFT_VERSION = 5.0;
				TARGETED_DEVICE_FAMILY = "1,2";
			};
			name = Debug;
		};
		A8000006 /* Release */ = {
			isa = XCBuildConfiguration;
			buildSettings = {
				ASSETCATALOG_COMPILER_APPICON_NAME = AppIcon;
				CODE_SIGN_STYLE = Automatic;
				CURRENT_PROJECT_VERSION = 1;
				DEVELOPMENT_TEAM = "";
				GENERATE_INFOPLIST_FILE = YES;
				INFOPLIST_KEY_CFBundleDisplayName = "NYT Wirecutter";
				INFOPLIST_KEY_UIApplicationSceneManifest_Generation = YES;
				INFOPLIST_KEY_UIApplicationSupportsIndirectInputEvents = YES;
				INFOPLIST_KEY_UILaunchScreen_Generation = YES;
				INFOPLIST_KEY_UISupportedInterfaceOrientations_iPad = "UIInterfaceOrientationPortrait UIInterfaceOrientationPortraitUpsideDown UIInterfaceOrientationLandscapeLeft UIInterfaceOrientationLandscapeRight";
				INFOPLIST_KEY_UISupportedInterfaceOrientations_iPhone = "UIInterfaceOrientationPortrait UIInterfaceOrientationLandscapeLeft UIInterfaceOrientationLandscapeRight";
				LD_RUNPATH_SEARCH_PATHS = (
					"$(inherited)",
					"@executable_path/Frameworks",
				);
				MARKETING_VERSION = 1.0;
				PRODUCT_BUNDLE_IDENTIFIER = com.wirecutter.app;
				PRODUCT_NAME = "$(TARGET_NAME)";
				SWIFT_EMIT_LOC_STRINGS = YES;
				SWIFT_VERSION = 5.0;
				TARGETED_DEVICE_FAMILY = "1,2";
			};
			name = Release;
		};
/* End XCBuildConfiguration section */

/* Begin XCConfigurationList section */
		A8000001 /* Build configuration list for PBXProject "WirecutterApp" */ = {
			isa = XCConfigurationList;
			buildConfigurations = (
				A8000002 /* Debug */,
				A8000004 /* Release */,
			);
			defaultConfigurationIsVisible = 0;
			defaultConfigurationName = Release;
		};
		A8000003 /* Build configuration list for PBXNativeTarget "WirecutterApp" */ = {
			isa = XCConfigurationList;
			buildConfigurations = (
				A8000005 /* Debug */,
				A8000006 /* Release */,
			);
			defaultConfigurationIsVisible = 0;
			defaultConfigurationName = Release;
		};
/* End XCConfigurationList section */

	};
	rootObject = A9000001 /* Project object */;
}
